type: custom:button-card
entity: sensor.time
label: "[[[ return states['sensor.date_text'].state;]]]"
show_icon: false
show_name: false
show_state: true
show_label: true
tap_action:
  action: none
styles:
  card:
    - height: 130px
    - color: |
        [[[
          if (states['binary_sensor.scheduled_on_call'] && states['binary_sensor.scheduled_on_call'].state == 'on') return '#FFFFFF';
          if (states['binary_sensor.workday'] && states['binary_sensor.workday'].state == 'off') return '#FFFFFF';
          else return 'var(--primary-text-color)';
        ]]]
    - background-color: |
        [[[
          if (states['binary_sensor.scheduled_on_call'] && states['binary_sensor.scheduled_on_call'].state == 'on') return '#EBC934AA';
          if (states['binary_sensor.workday'] && states['binary_sensor.workday'].state == 'off') return '#8EFA00AA';
          else return 'var( --ha-card-background, var(--card-background-color, white) )';
        ]]]
  grid:
    - grid-template-areas: '"i" "n" "s" "l"'
    - grid-template-rows: min-content
  state:
    - font-size: 3.5em
  label:
    - opacity: 66%
